// !$*UTF8*$!
{
	archiveVersion = 1;
	classes = {
	};
	objectVersion = 51;
	objects = {

/* Begin PBXBuildFile section */
		0E3133F825A4EB5C0059028C /* RecentTVC.swift in Sources */ = {isa = PBXBuildFile; fileRef = 0E3133F725A4EB5C0059028C /* RecentTVC.swift */; };
		0E31344525A724A80059028C /* OnBoardingFirstVC.swift in Sources */ = {isa = PBXBuildFile; fileRef = 0E31344425A724A80059028C /* OnBoardingFirstVC.swift */; };
		0E6463D825DD6ADD00A9E591 /* User.swift in Sources */ = {isa = PBXBuildFile; fileRef = 0E6463D725DD6ADD00A9E591 /* User.swift */; };
		0E6E9A6925AF5CFF00702706 /* modifyUserService.swift in Sources */ = {isa = PBXBuildFile; fileRef = 0E6E9A6825AF5CFF00702706 /* modifyUserService.swift */; };
		0E6E9A7125AF7EE300702706 /* autoLoginService.swift in Sources */ = {isa = PBXBuildFile; fileRef = 0E6E9A7025AF7EE300702706 /* autoLoginService.swift */; };
		0E6E9A7625AF9E7700702706 /* searchService.swift in Sources */ = {isa = PBXBuildFile; fileRef = 0E6E9A7525AF9E7700702706 /* searchService.swift */; };
		0E6E9A8025AFA1FC00702706 /* SearchWeatherInformation.swift in Sources */ = {isa = PBXBuildFile; fileRef = 0E6E9A7F25AFA1FC00702706 /* SearchWeatherInformation.swift */; };
		0E6E9ABB25B2450000702706 /* 온보딩_1.json in Resources */ = {isa = PBXBuildFile; fileRef = 0E6E9ABA25B2450000702706 /* 온보딩_1.json */; };
		0E6E9ABE25B2450900702706 /* 온보딩_2.json in Resources */ = {isa = PBXBuildFile; fileRef = 0E6E9ABD25B2450900702706 /* 온보딩_2.json */; };
		0E6E9AC125B2450E00702706 /* 온보딩_3.json in Resources */ = {isa = PBXBuildFile; fileRef = 0E6E9AC025B2450E00702706 /* 온보딩_3.json */; };
		0E75F64C25AC1C9D00D98633 /* SearchRecentInfo.swift in Sources */ = {isa = PBXBuildFile; fileRef = 0E75F64B25AC1C9D00D98633 /* SearchRecentInfo.swift */; };
		0E75F65825AD800A00D98633 /* SearchTVC.swift in Sources */ = {isa = PBXBuildFile; fileRef = 0E75F65725AD800A00D98633 /* SearchTVC.swift */; };
		0E75F65B25AD984D00D98633 /* NickNameVC.swift in Sources */ = {isa = PBXBuildFile; fileRef = 0E75F65A25AD984D00D98633 /* NickNameVC.swift */; };
		0E75F66625AF149500D98633 /* RecordNVC.swift in Sources */ = {isa = PBXBuildFile; fileRef = 0E75F66525AF149500D98633 /* RecordNVC.swift */; };
		0E75F67525AF3DA100D98633 /* UserInformation.swift in Sources */ = {isa = PBXBuildFile; fileRef = 0E75F67425AF3DA100D98633 /* UserInformation.swift */; };
		0E75F67925AF3E5600D98633 /* createUserService.swift in Sources */ = {isa = PBXBuildFile; fileRef = 0E75F67825AF3E5600D98633 /* createUserService.swift */; };
		0E8C003125A1B7A200A31295 /* Tabbar.storyboard in Resources */ = {isa = PBXBuildFile; fileRef = 0E8C003025A1B7A200A31295 /* Tabbar.storyboard */; };
		0E8C003525A1B7CE00A31295 /* TabbarVC.swift in Sources */ = {isa = PBXBuildFile; fileRef = 0E8C003425A1B7CE00A31295 /* TabbarVC.swift */; };
		0E8C004725A249B900A31295 /* SettingVC.swift in Sources */ = {isa = PBXBuildFile; fileRef = 0E8C004625A249B900A31295 /* SettingVC.swift */; };
		0E8C004B25A2514B00A31295 /* ChangeNickNameVC.swift in Sources */ = {isa = PBXBuildFile; fileRef = 0E8C004A25A2514B00A31295 /* ChangeNickNameVC.swift */; };
		0E8C005225A2585C00A31295 /* SettingNVC.swift in Sources */ = {isa = PBXBuildFile; fileRef = 0E8C005125A2585C00A31295 /* SettingNVC.swift */; };
		0E8C005625A2598800A31295 /* DevelopersInfoVC.swift in Sources */ = {isa = PBXBuildFile; fileRef = 0E8C005525A2598800A31295 /* DevelopersInfoVC.swift */; };
		0E8C005925A2F64900A31295 /* AskForVC.swift in Sources */ = {isa = PBXBuildFile; fileRef = 0E8C005825A2F64900A31295 /* AskForVC.swift */; };
		0E9152E025A39A1F0048E226 /* MainSearchVC.swift in Sources */ = {isa = PBXBuildFile; fileRef = 0E9152DF25A39A1F0048E226 /* MainSearchVC.swift */; };
		37222E6425AE64DA00577FEE /* ClothesTagData.swift in Sources */ = {isa = PBXBuildFile; fileRef = 37222E6325AE64DA00577FEE /* ClothesTagData.swift */; };
		37222E6725AE657C00577FEE /* RecordTagService.swift in Sources */ = {isa = PBXBuildFile; fileRef = 37222E6625AE657C00577FEE /* RecordTagService.swift */; };
		37222E7025AFA09000577FEE /* UIViewController+Extension.swift in Sources */ = {isa = PBXBuildFile; fileRef = 37222E6F25AFA09000577FEE /* UIViewController+Extension.swift */; };
		37222E7325AFA83B00577FEE /* RecordWeathyService.swift in Sources */ = {isa = PBXBuildFile; fileRef = 37222E7225AFA83B00577FEE /* RecordWeathyService.swift */; };
		37222E7625AFAA4700577FEE /* RecordWeathyData.swift in Sources */ = {isa = PBXBuildFile; fileRef = 37222E7525AFAA4700577FEE /* RecordWeathyData.swift */; };
		37222E8725B0D6BA00577FEE /* ModifyWeathyStartVC.swift in Sources */ = {isa = PBXBuildFile; fileRef = 37222E8625B0D6BA00577FEE /* ModifyWeathyStartVC.swift */; };
		37222E8A25B0D6EA00577FEE /* ModifyWeathyStart.storyboard in Resources */ = {isa = PBXBuildFile; fileRef = 37222E8925B0D6EA00577FEE /* ModifyWeathyStart.storyboard */; };
		37222E8E25B0DE4200577FEE /* ModifyWeathyNVC.swift in Sources */ = {isa = PBXBuildFile; fileRef = 37222E8D25B0DE4200577FEE /* ModifyWeathyNVC.swift */; };
		37222E9D25B0EB2200577FEE /* ModifyWeathyTag.storyboard in Resources */ = {isa = PBXBuildFile; fileRef = 37222E9C25B0EB2200577FEE /* ModifyWeathyTag.storyboard */; };
		37222EA025B0EBE100577FEE /* ModifyWeathyTagVC.swift in Sources */ = {isa = PBXBuildFile; fileRef = 37222E9F25B0EBE100577FEE /* ModifyWeathyTagVC.swift */; };
		37222EAC25B1060300577FEE /* ModifyWeathyRate.storyboard in Resources */ = {isa = PBXBuildFile; fileRef = 37222EAB25B1060300577FEE /* ModifyWeathyRate.storyboard */; };
		37222EAF25B1061600577FEE /* ModifyWeathyRateVC.swift in Sources */ = {isa = PBXBuildFile; fileRef = 37222EAE25B1061600577FEE /* ModifyWeathyRateVC.swift */; };
		37222EB225B10A5C00577FEE /* ModifyWeathyTextVC.swift in Sources */ = {isa = PBXBuildFile; fileRef = 37222EB125B10A5C00577FEE /* ModifyWeathyTextVC.swift */; };
		37222EB525B10A6D00577FEE /* ModifyWeathyText.storyboard in Resources */ = {isa = PBXBuildFile; fileRef = 37222EB425B10A6D00577FEE /* ModifyWeathyText.storyboard */; };
		37222EBD25B10E1600577FEE /* ModifyWeathyService.swift in Sources */ = {isa = PBXBuildFile; fileRef = 37222EBC25B10E1600577FEE /* ModifyWeathyService.swift */; };
		3735AE1B25A87F6700E71DC3 /* RecordTagDelete.storyboard in Resources */ = {isa = PBXBuildFile; fileRef = 3735AE1A25A87F6700E71DC3 /* RecordTagDelete.storyboard */; };
		3735AE1E25A87F8B00E71DC3 /* RecordTagDeleteVC.swift in Sources */ = {isa = PBXBuildFile; fileRef = 3735AE1D25A87F8B00E71DC3 /* RecordTagDeleteVC.swift */; };
		3735AE2F25A8EA4300E71DC3 /* UILabel+Extension.swift in Sources */ = {isa = PBXBuildFile; fileRef = 3735AE2E25A8EA4300E71DC3 /* UILabel+Extension.swift */; };
		3735AE3425A8F24C00E71DC3 /* RecordTagAddPopupVC.swift in Sources */ = {isa = PBXBuildFile; fileRef = 3735AE3325A8F24C00E71DC3 /* RecordTagAddPopupVC.swift */; };
		3735AE3725A9F86B00E71DC3 /* RecordTagDeletePopupVC.swift in Sources */ = {isa = PBXBuildFile; fileRef = 3735AE3625A9F86B00E71DC3 /* RecordTagDeletePopupVC.swift */; };
		374D48D1259CEBF000152B9A /* RecordStart.storyboard in Resources */ = {isa = PBXBuildFile; fileRef = 374D48D0259CEBF000152B9A /* RecordStart.storyboard */; };
		374D48D4259CEC0500152B9A /* RecordStartVC.swift in Sources */ = {isa = PBXBuildFile; fileRef = 374D48D3259CEC0500152B9A /* RecordStartVC.swift */; };
		374D48D8259D1CA600152B9A /* RecordRate.storyboard in Resources */ = {isa = PBXBuildFile; fileRef = 374D48D7259D1CA600152B9A /* RecordRate.storyboard */; };
		374D48DB259D1CB600152B9A /* RecordRateVC.swift in Sources */ = {isa = PBXBuildFile; fileRef = 374D48DA259D1CB600152B9A /* RecordRateVC.swift */; };
		374D48DF259D236800152B9A /* RecordRateCVC.swift in Sources */ = {isa = PBXBuildFile; fileRef = 374D48DE259D236800152B9A /* RecordRateCVC.swift */; };
		374D48E3259D366500152B9A /* RecordText.storyboard in Resources */ = {isa = PBXBuildFile; fileRef = 374D48E2259D366500152B9A /* RecordText.storyboard */; };
		374D48E6259D368600152B9A /* RecordTextVC.swift in Sources */ = {isa = PBXBuildFile; fileRef = 374D48E5259D368600152B9A /* RecordTextVC.swift */; };
		374D48EA259D49CA00152B9A /* RecordTag.storyboard in Resources */ = {isa = PBXBuildFile; fileRef = 374D48E9259D49CA00152B9A /* RecordTag.storyboard */; };
		374D48ED259D49DB00152B9A /* RecordTagVC.swift in Sources */ = {isa = PBXBuildFile; fileRef = 374D48EC259D49DB00152B9A /* RecordTagVC.swift */; };
		374D48F2259F2A9300152B9A /* UIFont+Extension.swift in Sources */ = {isa = PBXBuildFile; fileRef = 374D48F1259F2A9300152B9A /* UIFont+Extension.swift */; };
		374D48FE259F678200152B9A /* RecordTagCVC.swift in Sources */ = {isa = PBXBuildFile; fileRef = 374D48FD259F678200152B9A /* RecordTagCVC.swift */; };
		374D4904259F68EE00152B9A /* TagFlowLayout.swift in Sources */ = {isa = PBXBuildFile; fileRef = 374D4903259F68EE00152B9A /* TagFlowLayout.swift */; };
		374D490B259F6CAD00152B9A /* RecordTagTitleCVC.swift in Sources */ = {isa = PBXBuildFile; fileRef = 374D490A259F6CAD00152B9A /* RecordTagTitleCVC.swift */; };
		37D3476F25ADB7BD0069247F /* UITextField+Extension.swift in Sources */ = {isa = PBXBuildFile; fileRef = 37D3476E25ADB7BD0069247F /* UITextField+Extension.swift */; };
		37FB8AA825AE4FA5001A6287 /* Splash.storyboard in Resources */ = {isa = PBXBuildFile; fileRef = 37FB8AA725AE4FA5001A6287 /* Splash.storyboard */; };
		37FB8AAB25AE4FB7001A6287 /* SplashVC.swift in Sources */ = {isa = PBXBuildFile; fileRef = 37FB8AAA25AE4FB7001A6287 /* SplashVC.swift */; };
		37FB8AAF25AE52E1001A6287 /* 스플래시.json in Resources */ = {isa = PBXBuildFile; fileRef = 37FB8AAE25AE52E1001A6287 /* 스플래시.json */; };
		4C6D6B3632E6D1F7D4A96051 /* Pods_Weathy.framework in Frameworks */ = {isa = PBXBuildFile; fileRef = EEAEEC40355B6A916F599609 /* Pods_Weathy.framework */; };
		633984202599B1F400339615 /* AppDelegate.swift in Sources */ = {isa = PBXBuildFile; fileRef = 6339841F2599B1F400339615 /* AppDelegate.swift */; };
		633984222599B1F400339615 /* SceneDelegate.swift in Sources */ = {isa = PBXBuildFile; fileRef = 633984212599B1F400339615 /* SceneDelegate.swift */; };
		6339842A2599B1F400339615 /* Weathy.xcdatamodeld in Sources */ = {isa = PBXBuildFile; fileRef = 633984282599B1F400339615 /* Weathy.xcdatamodeld */; };
		6339842C2599B1F600339615 /* Assets.xcassets in Resources */ = {isa = PBXBuildFile; fileRef = 6339842B2599B1F600339615 /* Assets.xcassets */; };
		6339842F2599B1F600339615 /* LaunchScreen.storyboard in Resources */ = {isa = PBXBuildFile; fileRef = 6339842D2599B1F600339615 /* LaunchScreen.storyboard */; };
		6339846C259A431100339615 /* UIView+Extensions.swift in Sources */ = {isa = PBXBuildFile; fileRef = 6339846B259A431100339615 /* UIView+Extensions.swift */; };
		6339846F259A433400339615 /* UIColor+Extensions.swift in Sources */ = {isa = PBXBuildFile; fileRef = 6339846E259A433400339615 /* UIColor+Extensions.swift */; };
		63398472259A435400339615 /* UIImageView+Extensions.swift in Sources */ = {isa = PBXBuildFile; fileRef = 63398471259A435400339615 /* UIImageView+Extensions.swift */; };
		634DBF5325C3E8F2002A72DA /* WeathyPopupView.swift in Sources */ = {isa = PBXBuildFile; fileRef = 634DBF5225C3E8F2002A72DA /* WeathyPopupView.swift */; };
		6354ED8225AE0A2E00C5CAC5 /* Calendar.storyboard in Resources */ = {isa = PBXBuildFile; fileRef = 6354ED8125AE0A2D00C5CAC5 /* Calendar.storyboard */; };
		6354ED9325AE0B0300C5CAC5 /* CalendarVC.swift in Sources */ = {isa = PBXBuildFile; fileRef = 6354ED9125AE0B0200C5CAC5 /* CalendarVC.swift */; };
		6354ED9425AE0B0300C5CAC5 /* CalendarDetailVC.swift in Sources */ = {isa = PBXBuildFile; fileRef = 6354ED9225AE0B0300C5CAC5 /* CalendarDetailVC.swift */; };
		6354ED9B25AE0B3700C5CAC5 /* WeeklyCalendarCVC.swift in Sources */ = {isa = PBXBuildFile; fileRef = 6354ED9725AE0B3600C5CAC5 /* WeeklyCalendarCVC.swift */; };
		6354ED9C25AE0B3700C5CAC5 /* MonthlyCalendarCVC.swift in Sources */ = {isa = PBXBuildFile; fileRef = 6354ED9825AE0B3700C5CAC5 /* MonthlyCalendarCVC.swift */; };
		6354ED9D25AE0B3700C5CAC5 /* InfiniteMonthlyCVC.swift in Sources */ = {isa = PBXBuildFile; fileRef = 6354ED9925AE0B3700C5CAC5 /* InfiniteMonthlyCVC.swift */; };
		6354ED9E25AE0B3700C5CAC5 /* InfiniteWeeklyCVC.swift in Sources */ = {isa = PBXBuildFile; fileRef = 6354ED9A25AE0B3700C5CAC5 /* InfiniteWeeklyCVC.swift */; };
		6354EDA125AE0B6700C5CAC5 /* Date+Extensions.swift in Sources */ = {isa = PBXBuildFile; fileRef = 6354EDA025AE0B6700C5CAC5 /* Date+Extensions.swift */; };
		6354EDAC25AE244600C5CAC5 /* MonthlyWeathyData.swift in Sources */ = {isa = PBXBuildFile; fileRef = 6354EDAB25AE244600C5CAC5 /* MonthlyWeathyData.swift */; };
		6354EDB125AEEC0500C5CAC5 /* MonthlyWeathyService.swift in Sources */ = {isa = PBXBuildFile; fileRef = 6354EDB025AEEC0500C5CAC5 /* MonthlyWeathyService.swift */; };
		63C756D025B023DB003DC9FA /* Emoji.swift in Sources */ = {isa = PBXBuildFile; fileRef = 63C756CF25B023DB003DC9FA /* Emoji.swift */; };
		63C756D425B03F2A003DC9FA /* DailyWeathyData.swift in Sources */ = {isa = PBXBuildFile; fileRef = 63C756D325B03F2A003DC9FA /* DailyWeathyData.swift */; };
		63C756D825B0452E003DC9FA /* DailyWeathyService.swift in Sources */ = {isa = PBXBuildFile; fileRef = 63C756D725B0452E003DC9FA /* DailyWeathyService.swift */; };
		63C756E325B105F4003DC9FA /* DeleteWeathyData.swift in Sources */ = {isa = PBXBuildFile; fileRef = 63C756E225B105F4003DC9FA /* DeleteWeathyData.swift */; };
		63C756E625B10716003DC9FA /* DeleteWeathyService.swift in Sources */ = {isa = PBXBuildFile; fileRef = 63C756E525B10716003DC9FA /* DeleteWeathyService.swift */; };
		63D3C53925A4A57500E5FDFE /* SpacedLabel.swift in Sources */ = {isa = PBXBuildFile; fileRef = 63D3C53825A4A57500E5FDFE /* SpacedLabel.swift */; };
		63DEB261259CD49700A94488 /* DummyCell.swift in Sources */ = {isa = PBXBuildFile; fileRef = 63DEB260259CD49700A94488 /* DummyCell.swift */; };
		63DEB264259CD4AD00A94488 /* DummyClass.swift in Sources */ = {isa = PBXBuildFile; fileRef = 63DEB263259CD4AD00A94488 /* DummyClass.swift */; };
		63DEB26A259CD4EF00A94488 /* DummyXib.swift in Sources */ = {isa = PBXBuildFile; fileRef = 63DEB269259CD4EF00A94488 /* DummyXib.swift */; };
		63DEB26E259CD54100A94488 /* APIConstants.swift in Sources */ = {isa = PBXBuildFile; fileRef = 63DEB26D259CD54100A94488 /* APIConstants.swift */; };
		63DEB272259CD55A00A94488 /* NetworkResult.swift in Sources */ = {isa = PBXBuildFile; fileRef = 63DEB271259CD55A00A94488 /* NetworkResult.swift */; };
		63DEB290259CF67200A94488 /* Roboto-Medium.ttf in Resources */ = {isa = PBXBuildFile; fileRef = 63DEB289259CF67200A94488 /* Roboto-Medium.ttf */; };
		63DEB291259CF67200A94488 /* Roboto-Light.ttf in Resources */ = {isa = PBXBuildFile; fileRef = 63DEB28A259CF67200A94488 /* Roboto-Light.ttf */; };
		63DEB292259CF67200A94488 /* AppleSDGothicNeoM.ttf in Resources */ = {isa = PBXBuildFile; fileRef = 63DEB28B259CF67200A94488 /* AppleSDGothicNeoM.ttf */; };
		63DEB293259CF67200A94488 /* AppleSDGothicNeoB.ttf in Resources */ = {isa = PBXBuildFile; fileRef = 63DEB28C259CF67200A94488 /* AppleSDGothicNeoB.ttf */; };
		63DEB294259CF67200A94488 /* AppleSDGothicNeoR.ttf in Resources */ = {isa = PBXBuildFile; fileRef = 63DEB28D259CF67200A94488 /* AppleSDGothicNeoR.ttf */; };
		63DEB295259CF67200A94488 /* AppleSDGothicNeoSB.ttf in Resources */ = {isa = PBXBuildFile; fileRef = 63DEB28E259CF67200A94488 /* AppleSDGothicNeoSB.ttf */; };
		63DEB296259CF67200A94488 /* Roboto-Regular.ttf in Resources */ = {isa = PBXBuildFile; fileRef = 63DEB28F259CF67200A94488 /* Roboto-Regular.ttf */; };
		AB09371025AE446B00F69220 /* LocationWeatherData.swift in Sources */ = {isa = PBXBuildFile; fileRef = AB09370F25AE446B00F69220 /* LocationWeatherData.swift */; };
		AB09371B25AE48F800F69220 /* MainService.swift in Sources */ = {isa = PBXBuildFile; fileRef = AB09371A25AE48F800F69220 /* MainService.swift */; };
		AB09371F25AF526700F69220 /* RecommededWeathyData.swift in Sources */ = {isa = PBXBuildFile; fileRef = AB09371E25AF526700F69220 /* RecommededWeathyData.swift */; };
		AB3D206625AFD4DE0030514B /* OnBoarding.storyboard in Resources */ = {isa = PBXBuildFile; fileRef = AB3D206525AFD4DE0030514B /* OnBoarding.storyboard */; };
		AB3D206A25AFD4F90030514B /* MainSearch.storyboard in Resources */ = {isa = PBXBuildFile; fileRef = AB3D206925AFD4F90030514B /* MainSearch.storyboard */; };
		AB3D206E25AFD5040030514B /* Setting.storyboard in Resources */ = {isa = PBXBuildFile; fileRef = AB3D206D25AFD5030030514B /* Setting.storyboard */; };
		AB3D207225B047DD0030514B /* HourlyWeatherData.swift in Sources */ = {isa = PBXBuildFile; fileRef = AB3D207125B047DD0030514B /* HourlyWeatherData.swift */; };
		AB4E1C8725A6FE48002F3B79 /* UIViewController+Extensions.swift in Sources */ = {isa = PBXBuildFile; fileRef = AB4E1C8625A6FE48002F3B79 /* UIViewController+Extensions.swift */; };
		AB4E1C9225A9D440002F3B79 /* TimezoneWeatherCVC.swift in Sources */ = {isa = PBXBuildFile; fileRef = AB4E1C9125A9D440002F3B79 /* TimezoneWeatherCVC.swift */; };
		AB4E1C9525A9ED4C002F3B79 /* WeeklyWeatherCVC.swift in Sources */ = {isa = PBXBuildFile; fileRef = AB4E1C9425A9ED4C002F3B79 /* WeeklyWeatherCVC.swift */; };
		AB4E1C9F25AA0BB5002F3B79 /* ExtraWeatherCVC.swift in Sources */ = {isa = PBXBuildFile; fileRef = AB4E1C9E25AA0BB5002F3B79 /* ExtraWeatherCVC.swift */; };
		AB9183C725B0B7BE00C3B022 /* DailyWeatherData.swift in Sources */ = {isa = PBXBuildFile; fileRef = AB9183C625B0B7BE00C3B022 /* DailyWeatherData.swift */; };
		ABBA9CA225A2217F008785BD /* MainVC.swift in Sources */ = {isa = PBXBuildFile; fileRef = ABBA9CA125A2217F008785BD /* MainVC.swift */; };
		ABBA9CA925A22254008785BD /* Main.storyboard in Resources */ = {isa = PBXBuildFile; fileRef = ABBA9CA825A22254008785BD /* Main.storyboard */; };
		ABBA9CAF25A22C93008785BD /* MainTopCVC.swift in Sources */ = {isa = PBXBuildFile; fileRef = ABBA9CAE25A22C93008785BD /* MainTopCVC.swift */; };
		ABBA9CB225A22CBC008785BD /* MainBottomCVC.swift in Sources */ = {isa = PBXBuildFile; fileRef = ABBA9CB125A22CBC008785BD /* MainBottomCVC.swift */; };
		ABE2B93025B0D98D007F878C /* ExtraWeatherData.swift in Sources */ = {isa = PBXBuildFile; fileRef = ABE2B92F25B0D98D007F878C /* ExtraWeatherData.swift */; };
		ABE2B93525B10B4B007F878C /* ClimateImage.swift in Sources */ = {isa = PBXBuildFile; fileRef = ABE2B93425B10B4B007F878C /* ClimateImage.swift */; };
/* End PBXBuildFile section */

/* Begin PBXFileReference section */
		0E3133F725A4EB5C0059028C /* RecentTVC.swift */ = {isa = PBXFileReference; lastKnownFileType = sourcecode.swift; path = RecentTVC.swift; sourceTree = "<group>"; };
		0E31344425A724A80059028C /* OnBoardingFirstVC.swift */ = {isa = PBXFileReference; lastKnownFileType = sourcecode.swift; path = OnBoardingFirstVC.swift; sourceTree = "<group>"; };
		0E6463D725DD6ADD00A9E591 /* User.swift */ = {isa = PBXFileReference; lastKnownFileType = sourcecode.swift; path = User.swift; sourceTree = "<group>"; };
		0E6E9A6825AF5CFF00702706 /* modifyUserService.swift */ = {isa = PBXFileReference; lastKnownFileType = sourcecode.swift; path = modifyUserService.swift; sourceTree = "<group>"; };
		0E6E9A7025AF7EE300702706 /* autoLoginService.swift */ = {isa = PBXFileReference; lastKnownFileType = sourcecode.swift; path = autoLoginService.swift; sourceTree = "<group>"; };
		0E6E9A7525AF9E7700702706 /* searchService.swift */ = {isa = PBXFileReference; lastKnownFileType = sourcecode.swift; path = searchService.swift; sourceTree = "<group>"; };
		0E6E9A7F25AFA1FC00702706 /* SearchWeatherInformation.swift */ = {isa = PBXFileReference; lastKnownFileType = sourcecode.swift; path = SearchWeatherInformation.swift; sourceTree = "<group>"; };
		0E6E9ABA25B2450000702706 /* 온보딩_1.json */ = {isa = PBXFileReference; fileEncoding = 4; lastKnownFileType = text.json; path = "온보딩_1.json"; sourceTree = "<group>"; };
		0E6E9ABD25B2450900702706 /* 온보딩_2.json */ = {isa = PBXFileReference; fileEncoding = 4; lastKnownFileType = text.json; path = "온보딩_2.json"; sourceTree = "<group>"; };
		0E6E9AC025B2450E00702706 /* 온보딩_3.json */ = {isa = PBXFileReference; fileEncoding = 4; lastKnownFileType = text.json; path = "온보딩_3.json"; sourceTree = "<group>"; };
		0E75F64B25AC1C9D00D98633 /* SearchRecentInfo.swift */ = {isa = PBXFileReference; lastKnownFileType = sourcecode.swift; path = SearchRecentInfo.swift; sourceTree = "<group>"; };
		0E75F65725AD800A00D98633 /* SearchTVC.swift */ = {isa = PBXFileReference; lastKnownFileType = sourcecode.swift; path = SearchTVC.swift; sourceTree = "<group>"; };
		0E75F65A25AD984D00D98633 /* NickNameVC.swift */ = {isa = PBXFileReference; lastKnownFileType = sourcecode.swift; path = NickNameVC.swift; sourceTree = "<group>"; };
		0E75F66525AF149500D98633 /* RecordNVC.swift */ = {isa = PBXFileReference; lastKnownFileType = sourcecode.swift; path = RecordNVC.swift; sourceTree = "<group>"; };
		0E75F67425AF3DA100D98633 /* UserInformation.swift */ = {isa = PBXFileReference; lastKnownFileType = sourcecode.swift; path = UserInformation.swift; sourceTree = "<group>"; };
		0E75F67825AF3E5600D98633 /* createUserService.swift */ = {isa = PBXFileReference; lastKnownFileType = sourcecode.swift; path = createUserService.swift; sourceTree = "<group>"; };
		0E8C003025A1B7A200A31295 /* Tabbar.storyboard */ = {isa = PBXFileReference; lastKnownFileType = file.storyboard; path = Tabbar.storyboard; sourceTree = "<group>"; };
		0E8C003425A1B7CE00A31295 /* TabbarVC.swift */ = {isa = PBXFileReference; lastKnownFileType = sourcecode.swift; path = TabbarVC.swift; sourceTree = "<group>"; };
		0E8C004625A249B900A31295 /* SettingVC.swift */ = {isa = PBXFileReference; lastKnownFileType = sourcecode.swift; path = SettingVC.swift; sourceTree = "<group>"; };
		0E8C004A25A2514B00A31295 /* ChangeNickNameVC.swift */ = {isa = PBXFileReference; lastKnownFileType = sourcecode.swift; path = ChangeNickNameVC.swift; sourceTree = "<group>"; };
		0E8C005125A2585C00A31295 /* SettingNVC.swift */ = {isa = PBXFileReference; lastKnownFileType = sourcecode.swift; path = SettingNVC.swift; sourceTree = "<group>"; };
		0E8C005525A2598800A31295 /* DevelopersInfoVC.swift */ = {isa = PBXFileReference; lastKnownFileType = sourcecode.swift; path = DevelopersInfoVC.swift; sourceTree = "<group>"; };
		0E8C005825A2F64900A31295 /* AskForVC.swift */ = {isa = PBXFileReference; lastKnownFileType = sourcecode.swift; path = AskForVC.swift; sourceTree = "<group>"; };
		0E9152DF25A39A1F0048E226 /* MainSearchVC.swift */ = {isa = PBXFileReference; lastKnownFileType = sourcecode.swift; path = MainSearchVC.swift; sourceTree = "<group>"; };
		37222E6325AE64DA00577FEE /* ClothesTagData.swift */ = {isa = PBXFileReference; lastKnownFileType = sourcecode.swift; path = ClothesTagData.swift; sourceTree = "<group>"; };
		37222E6625AE657C00577FEE /* RecordTagService.swift */ = {isa = PBXFileReference; lastKnownFileType = sourcecode.swift; path = RecordTagService.swift; sourceTree = "<group>"; };
		37222E6F25AFA09000577FEE /* UIViewController+Extension.swift */ = {isa = PBXFileReference; lastKnownFileType = sourcecode.swift; path = "UIViewController+Extension.swift"; sourceTree = "<group>"; };
		37222E7225AFA83B00577FEE /* RecordWeathyService.swift */ = {isa = PBXFileReference; lastKnownFileType = sourcecode.swift; path = RecordWeathyService.swift; sourceTree = "<group>"; };
		37222E7525AFAA4700577FEE /* RecordWeathyData.swift */ = {isa = PBXFileReference; lastKnownFileType = sourcecode.swift; path = RecordWeathyData.swift; sourceTree = "<group>"; };
		37222E8625B0D6BA00577FEE /* ModifyWeathyStartVC.swift */ = {isa = PBXFileReference; lastKnownFileType = sourcecode.swift; path = ModifyWeathyStartVC.swift; sourceTree = "<group>"; };
		37222E8925B0D6EA00577FEE /* ModifyWeathyStart.storyboard */ = {isa = PBXFileReference; lastKnownFileType = file.storyboard; path = ModifyWeathyStart.storyboard; sourceTree = "<group>"; };
		37222E8D25B0DE4200577FEE /* ModifyWeathyNVC.swift */ = {isa = PBXFileReference; lastKnownFileType = sourcecode.swift; path = ModifyWeathyNVC.swift; sourceTree = "<group>"; };
		37222E9C25B0EB2200577FEE /* ModifyWeathyTag.storyboard */ = {isa = PBXFileReference; lastKnownFileType = file.storyboard; path = ModifyWeathyTag.storyboard; sourceTree = "<group>"; };
		37222E9F25B0EBE100577FEE /* ModifyWeathyTagVC.swift */ = {isa = PBXFileReference; lastKnownFileType = sourcecode.swift; path = ModifyWeathyTagVC.swift; sourceTree = "<group>"; };
		37222EAB25B1060300577FEE /* ModifyWeathyRate.storyboard */ = {isa = PBXFileReference; lastKnownFileType = file.storyboard; path = ModifyWeathyRate.storyboard; sourceTree = "<group>"; };
		37222EAE25B1061600577FEE /* ModifyWeathyRateVC.swift */ = {isa = PBXFileReference; lastKnownFileType = sourcecode.swift; path = ModifyWeathyRateVC.swift; sourceTree = "<group>"; };
		37222EB125B10A5C00577FEE /* ModifyWeathyTextVC.swift */ = {isa = PBXFileReference; lastKnownFileType = sourcecode.swift; path = ModifyWeathyTextVC.swift; sourceTree = "<group>"; };
		37222EB425B10A6D00577FEE /* ModifyWeathyText.storyboard */ = {isa = PBXFileReference; lastKnownFileType = file.storyboard; path = ModifyWeathyText.storyboard; sourceTree = "<group>"; };
		37222EBC25B10E1600577FEE /* ModifyWeathyService.swift */ = {isa = PBXFileReference; lastKnownFileType = sourcecode.swift; path = ModifyWeathyService.swift; sourceTree = "<group>"; };
		3735AE1A25A87F6700E71DC3 /* RecordTagDelete.storyboard */ = {isa = PBXFileReference; lastKnownFileType = file.storyboard; path = RecordTagDelete.storyboard; sourceTree = "<group>"; };
		3735AE1D25A87F8B00E71DC3 /* RecordTagDeleteVC.swift */ = {isa = PBXFileReference; lastKnownFileType = sourcecode.swift; path = RecordTagDeleteVC.swift; sourceTree = "<group>"; };
		3735AE2E25A8EA4300E71DC3 /* UILabel+Extension.swift */ = {isa = PBXFileReference; lastKnownFileType = sourcecode.swift; path = "UILabel+Extension.swift"; sourceTree = "<group>"; };
		3735AE3325A8F24C00E71DC3 /* RecordTagAddPopupVC.swift */ = {isa = PBXFileReference; lastKnownFileType = sourcecode.swift; path = RecordTagAddPopupVC.swift; sourceTree = "<group>"; };
		3735AE3625A9F86B00E71DC3 /* RecordTagDeletePopupVC.swift */ = {isa = PBXFileReference; lastKnownFileType = sourcecode.swift; path = RecordTagDeletePopupVC.swift; sourceTree = "<group>"; };
		374D48D0259CEBF000152B9A /* RecordStart.storyboard */ = {isa = PBXFileReference; lastKnownFileType = file.storyboard; path = RecordStart.storyboard; sourceTree = "<group>"; };
		374D48D3259CEC0500152B9A /* RecordStartVC.swift */ = {isa = PBXFileReference; lastKnownFileType = sourcecode.swift; path = RecordStartVC.swift; sourceTree = "<group>"; };
		374D48D7259D1CA600152B9A /* RecordRate.storyboard */ = {isa = PBXFileReference; lastKnownFileType = file.storyboard; path = RecordRate.storyboard; sourceTree = "<group>"; };
		374D48DA259D1CB600152B9A /* RecordRateVC.swift */ = {isa = PBXFileReference; lastKnownFileType = sourcecode.swift; path = RecordRateVC.swift; sourceTree = "<group>"; };
		374D48DE259D236800152B9A /* RecordRateCVC.swift */ = {isa = PBXFileReference; lastKnownFileType = sourcecode.swift; path = RecordRateCVC.swift; sourceTree = "<group>"; };
		374D48E2259D366500152B9A /* RecordText.storyboard */ = {isa = PBXFileReference; lastKnownFileType = file.storyboard; path = RecordText.storyboard; sourceTree = "<group>"; };
		374D48E5259D368600152B9A /* RecordTextVC.swift */ = {isa = PBXFileReference; lastKnownFileType = sourcecode.swift; path = RecordTextVC.swift; sourceTree = "<group>"; };
		374D48E9259D49CA00152B9A /* RecordTag.storyboard */ = {isa = PBXFileReference; lastKnownFileType = file.storyboard; path = RecordTag.storyboard; sourceTree = "<group>"; };
		374D48EC259D49DB00152B9A /* RecordTagVC.swift */ = {isa = PBXFileReference; lastKnownFileType = sourcecode.swift; path = RecordTagVC.swift; sourceTree = "<group>"; };
		374D48F1259F2A9300152B9A /* UIFont+Extension.swift */ = {isa = PBXFileReference; lastKnownFileType = sourcecode.swift; path = "UIFont+Extension.swift"; sourceTree = "<group>"; };
		374D48FD259F678200152B9A /* RecordTagCVC.swift */ = {isa = PBXFileReference; lastKnownFileType = sourcecode.swift; path = RecordTagCVC.swift; sourceTree = "<group>"; };
		374D4903259F68EE00152B9A /* TagFlowLayout.swift */ = {isa = PBXFileReference; lastKnownFileType = sourcecode.swift; path = TagFlowLayout.swift; sourceTree = "<group>"; };
		374D490A259F6CAD00152B9A /* RecordTagTitleCVC.swift */ = {isa = PBXFileReference; lastKnownFileType = sourcecode.swift; path = RecordTagTitleCVC.swift; sourceTree = "<group>"; };
		37D3476E25ADB7BD0069247F /* UITextField+Extension.swift */ = {isa = PBXFileReference; lastKnownFileType = sourcecode.swift; path = "UITextField+Extension.swift"; sourceTree = "<group>"; };
		37FB8AA725AE4FA5001A6287 /* Splash.storyboard */ = {isa = PBXFileReference; lastKnownFileType = file.storyboard; path = Splash.storyboard; sourceTree = "<group>"; };
		37FB8AAA25AE4FB7001A6287 /* SplashVC.swift */ = {isa = PBXFileReference; lastKnownFileType = sourcecode.swift; path = SplashVC.swift; sourceTree = "<group>"; };
		37FB8AAE25AE52E1001A6287 /* 스플래시.json */ = {isa = PBXFileReference; fileEncoding = 4; lastKnownFileType = text.json; path = "스플래시.json"; sourceTree = "<group>"; };
		6339841C2599B1F400339615 /* Weathy.app */ = {isa = PBXFileReference; explicitFileType = wrapper.application; includeInIndex = 0; path = Weathy.app; sourceTree = BUILT_PRODUCTS_DIR; };
		6339841F2599B1F400339615 /* AppDelegate.swift */ = {isa = PBXFileReference; lastKnownFileType = sourcecode.swift; path = AppDelegate.swift; sourceTree = "<group>"; };
		633984212599B1F400339615 /* SceneDelegate.swift */ = {isa = PBXFileReference; lastKnownFileType = sourcecode.swift; path = SceneDelegate.swift; sourceTree = "<group>"; };
		633984292599B1F400339615 /* Weathy.xcdatamodel */ = {isa = PBXFileReference; lastKnownFileType = wrapper.xcdatamodel; path = Weathy.xcdatamodel; sourceTree = "<group>"; };
		6339842B2599B1F600339615 /* Assets.xcassets */ = {isa = PBXFileReference; lastKnownFileType = folder.assetcatalog; path = Assets.xcassets; sourceTree = "<group>"; };
		6339842E2599B1F600339615 /* Base */ = {isa = PBXFileReference; lastKnownFileType = file.storyboard; name = Base; path = Base.lproj/LaunchScreen.storyboard; sourceTree = "<group>"; };
		633984302599B1F600339615 /* Info.plist */ = {isa = PBXFileReference; lastKnownFileType = text.plist.xml; path = Info.plist; sourceTree = "<group>"; };
		6339846B259A431100339615 /* UIView+Extensions.swift */ = {isa = PBXFileReference; lastKnownFileType = sourcecode.swift; path = "UIView+Extensions.swift"; sourceTree = "<group>"; };
		6339846E259A433400339615 /* UIColor+Extensions.swift */ = {isa = PBXFileReference; lastKnownFileType = sourcecode.swift; path = "UIColor+Extensions.swift"; sourceTree = "<group>"; };
		63398471259A435400339615 /* UIImageView+Extensions.swift */ = {isa = PBXFileReference; lastKnownFileType = sourcecode.swift; path = "UIImageView+Extensions.swift"; sourceTree = "<group>"; };
		634DBF5225C3E8F2002A72DA /* WeathyPopupView.swift */ = {isa = PBXFileReference; lastKnownFileType = sourcecode.swift; path = WeathyPopupView.swift; sourceTree = "<group>"; };
		6354ED8125AE0A2D00C5CAC5 /* Calendar.storyboard */ = {isa = PBXFileReference; fileEncoding = 4; lastKnownFileType = file.storyboard; path = Calendar.storyboard; sourceTree = "<group>"; };
		6354ED9125AE0B0200C5CAC5 /* CalendarVC.swift */ = {isa = PBXFileReference; fileEncoding = 4; lastKnownFileType = sourcecode.swift; name = CalendarVC.swift; path = Calendar/CalendarVC.swift; sourceTree = "<group>"; };
		6354ED9225AE0B0300C5CAC5 /* CalendarDetailVC.swift */ = {isa = PBXFileReference; fileEncoding = 4; lastKnownFileType = sourcecode.swift; name = CalendarDetailVC.swift; path = Calendar/CalendarDetailVC.swift; sourceTree = "<group>"; };
		6354ED9725AE0B3600C5CAC5 /* WeeklyCalendarCVC.swift */ = {isa = PBXFileReference; fileEncoding = 4; lastKnownFileType = sourcecode.swift; name = WeeklyCalendarCVC.swift; path = Calendar/WeeklyCalendarCVC.swift; sourceTree = "<group>"; };
		6354ED9825AE0B3700C5CAC5 /* MonthlyCalendarCVC.swift */ = {isa = PBXFileReference; fileEncoding = 4; lastKnownFileType = sourcecode.swift; name = MonthlyCalendarCVC.swift; path = Calendar/MonthlyCalendarCVC.swift; sourceTree = "<group>"; };
		6354ED9925AE0B3700C5CAC5 /* InfiniteMonthlyCVC.swift */ = {isa = PBXFileReference; fileEncoding = 4; lastKnownFileType = sourcecode.swift; name = InfiniteMonthlyCVC.swift; path = Calendar/InfiniteMonthlyCVC.swift; sourceTree = "<group>"; };
		6354ED9A25AE0B3700C5CAC5 /* InfiniteWeeklyCVC.swift */ = {isa = PBXFileReference; fileEncoding = 4; lastKnownFileType = sourcecode.swift; name = InfiniteWeeklyCVC.swift; path = Calendar/InfiniteWeeklyCVC.swift; sourceTree = "<group>"; };
		6354EDA025AE0B6700C5CAC5 /* Date+Extensions.swift */ = {isa = PBXFileReference; fileEncoding = 4; lastKnownFileType = sourcecode.swift; path = "Date+Extensions.swift"; sourceTree = "<group>"; };
		6354EDAB25AE244600C5CAC5 /* MonthlyWeathyData.swift */ = {isa = PBXFileReference; lastKnownFileType = sourcecode.swift; path = MonthlyWeathyData.swift; sourceTree = "<group>"; };
		6354EDB025AEEC0500C5CAC5 /* MonthlyWeathyService.swift */ = {isa = PBXFileReference; lastKnownFileType = sourcecode.swift; path = MonthlyWeathyService.swift; sourceTree = "<group>"; };
		63C756CF25B023DB003DC9FA /* Emoji.swift */ = {isa = PBXFileReference; lastKnownFileType = sourcecode.swift; path = Emoji.swift; sourceTree = "<group>"; };
		63C756D325B03F2A003DC9FA /* DailyWeathyData.swift */ = {isa = PBXFileReference; lastKnownFileType = sourcecode.swift; path = DailyWeathyData.swift; sourceTree = "<group>"; };
		63C756D725B0452E003DC9FA /* DailyWeathyService.swift */ = {isa = PBXFileReference; lastKnownFileType = sourcecode.swift; path = DailyWeathyService.swift; sourceTree = "<group>"; };
		63C756E225B105F4003DC9FA /* DeleteWeathyData.swift */ = {isa = PBXFileReference; lastKnownFileType = sourcecode.swift; path = DeleteWeathyData.swift; sourceTree = "<group>"; };
		63C756E525B10716003DC9FA /* DeleteWeathyService.swift */ = {isa = PBXFileReference; lastKnownFileType = sourcecode.swift; path = DeleteWeathyService.swift; sourceTree = "<group>"; };
		63D3C53825A4A57500E5FDFE /* SpacedLabel.swift */ = {isa = PBXFileReference; lastKnownFileType = sourcecode.swift; path = SpacedLabel.swift; sourceTree = "<group>"; };
		63DEB260259CD49700A94488 /* DummyCell.swift */ = {isa = PBXFileReference; lastKnownFileType = sourcecode.swift; path = DummyCell.swift; sourceTree = "<group>"; };
		63DEB263259CD4AD00A94488 /* DummyClass.swift */ = {isa = PBXFileReference; lastKnownFileType = sourcecode.swift; path = DummyClass.swift; sourceTree = "<group>"; };
		63DEB269259CD4EF00A94488 /* DummyXib.swift */ = {isa = PBXFileReference; lastKnownFileType = sourcecode.swift; path = DummyXib.swift; sourceTree = "<group>"; };
		63DEB26D259CD54100A94488 /* APIConstants.swift */ = {isa = PBXFileReference; lastKnownFileType = sourcecode.swift; path = APIConstants.swift; sourceTree = "<group>"; };
		63DEB271259CD55A00A94488 /* NetworkResult.swift */ = {isa = PBXFileReference; lastKnownFileType = sourcecode.swift; path = NetworkResult.swift; sourceTree = "<group>"; };
		63DEB289259CF67200A94488 /* Roboto-Medium.ttf */ = {isa = PBXFileReference; lastKnownFileType = file; path = "Roboto-Medium.ttf"; sourceTree = "<group>"; };
		63DEB28A259CF67200A94488 /* Roboto-Light.ttf */ = {isa = PBXFileReference; lastKnownFileType = file; path = "Roboto-Light.ttf"; sourceTree = "<group>"; };
		63DEB28B259CF67200A94488 /* AppleSDGothicNeoM.ttf */ = {isa = PBXFileReference; lastKnownFileType = file; path = AppleSDGothicNeoM.ttf; sourceTree = "<group>"; };
		63DEB28C259CF67200A94488 /* AppleSDGothicNeoB.ttf */ = {isa = PBXFileReference; lastKnownFileType = file; path = AppleSDGothicNeoB.ttf; sourceTree = "<group>"; };
		63DEB28D259CF67200A94488 /* AppleSDGothicNeoR.ttf */ = {isa = PBXFileReference; lastKnownFileType = file; path = AppleSDGothicNeoR.ttf; sourceTree = "<group>"; };
		63DEB28E259CF67200A94488 /* AppleSDGothicNeoSB.ttf */ = {isa = PBXFileReference; lastKnownFileType = file; path = AppleSDGothicNeoSB.ttf; sourceTree = "<group>"; };
		63DEB28F259CF67200A94488 /* Roboto-Regular.ttf */ = {isa = PBXFileReference; lastKnownFileType = file; path = "Roboto-Regular.ttf"; sourceTree = "<group>"; };
		79A77C707317896743084ED5 /* Pods-Weathy.release.xcconfig */ = {isa = PBXFileReference; includeInIndex = 1; lastKnownFileType = text.xcconfig; name = "Pods-Weathy.release.xcconfig"; path = "Target Support Files/Pods-Weathy/Pods-Weathy.release.xcconfig"; sourceTree = "<group>"; };
		AB09370F25AE446B00F69220 /* LocationWeatherData.swift */ = {isa = PBXFileReference; lastKnownFileType = sourcecode.swift; path = LocationWeatherData.swift; sourceTree = "<group>"; };
		AB09371A25AE48F800F69220 /* MainService.swift */ = {isa = PBXFileReference; lastKnownFileType = sourcecode.swift; path = MainService.swift; sourceTree = "<group>"; };
		AB09371E25AF526700F69220 /* RecommededWeathyData.swift */ = {isa = PBXFileReference; lastKnownFileType = sourcecode.swift; path = RecommededWeathyData.swift; sourceTree = "<group>"; };
		AB3D206525AFD4DE0030514B /* OnBoarding.storyboard */ = {isa = PBXFileReference; fileEncoding = 4; lastKnownFileType = file.storyboard; path = OnBoarding.storyboard; sourceTree = "<group>"; };
		AB3D206925AFD4F90030514B /* MainSearch.storyboard */ = {isa = PBXFileReference; fileEncoding = 4; lastKnownFileType = file.storyboard; path = MainSearch.storyboard; sourceTree = "<group>"; };
		AB3D206D25AFD5030030514B /* Setting.storyboard */ = {isa = PBXFileReference; fileEncoding = 4; lastKnownFileType = file.storyboard; path = Setting.storyboard; sourceTree = "<group>"; };
		AB3D207125B047DD0030514B /* HourlyWeatherData.swift */ = {isa = PBXFileReference; lastKnownFileType = sourcecode.swift; path = HourlyWeatherData.swift; sourceTree = "<group>"; };
		AB4E1C8625A6FE48002F3B79 /* UIViewController+Extensions.swift */ = {isa = PBXFileReference; lastKnownFileType = sourcecode.swift; path = "UIViewController+Extensions.swift"; sourceTree = "<group>"; };
		AB4E1C9125A9D440002F3B79 /* TimezoneWeatherCVC.swift */ = {isa = PBXFileReference; lastKnownFileType = sourcecode.swift; path = TimezoneWeatherCVC.swift; sourceTree = "<group>"; };
		AB4E1C9425A9ED4C002F3B79 /* WeeklyWeatherCVC.swift */ = {isa = PBXFileReference; lastKnownFileType = sourcecode.swift; path = WeeklyWeatherCVC.swift; sourceTree = "<group>"; };
		AB4E1C9E25AA0BB5002F3B79 /* ExtraWeatherCVC.swift */ = {isa = PBXFileReference; lastKnownFileType = sourcecode.swift; path = ExtraWeatherCVC.swift; sourceTree = "<group>"; };
		AB9183C625B0B7BE00C3B022 /* DailyWeatherData.swift */ = {isa = PBXFileReference; lastKnownFileType = sourcecode.swift; path = DailyWeatherData.swift; sourceTree = "<group>"; };
		ABBA9CA125A2217F008785BD /* MainVC.swift */ = {isa = PBXFileReference; lastKnownFileType = sourcecode.swift; name = MainVC.swift; path = Weathy/Sources/VCs/Main/MainVC.swift; sourceTree = SOURCE_ROOT; };
		ABBA9CA825A22254008785BD /* Main.storyboard */ = {isa = PBXFileReference; lastKnownFileType = file.storyboard; path = Main.storyboard; sourceTree = "<group>"; };
		ABBA9CAE25A22C93008785BD /* MainTopCVC.swift */ = {isa = PBXFileReference; lastKnownFileType = sourcecode.swift; path = MainTopCVC.swift; sourceTree = "<group>"; };
		ABBA9CB125A22CBC008785BD /* MainBottomCVC.swift */ = {isa = PBXFileReference; lastKnownFileType = sourcecode.swift; path = MainBottomCVC.swift; sourceTree = "<group>"; };
		ABE2B92F25B0D98D007F878C /* ExtraWeatherData.swift */ = {isa = PBXFileReference; lastKnownFileType = sourcecode.swift; path = ExtraWeatherData.swift; sourceTree = "<group>"; };
		ABE2B93425B10B4B007F878C /* ClimateImage.swift */ = {isa = PBXFileReference; lastKnownFileType = sourcecode.swift; path = ClimateImage.swift; sourceTree = "<group>"; };
		B97C9AB444242244F6D69B1C /* Pods-Weathy.debug.xcconfig */ = {isa = PBXFileReference; includeInIndex = 1; lastKnownFileType = text.xcconfig; name = "Pods-Weathy.debug.xcconfig"; path = "Target Support Files/Pods-Weathy/Pods-Weathy.debug.xcconfig"; sourceTree = "<group>"; };
		EEAEEC40355B6A916F599609 /* Pods_Weathy.framework */ = {isa = PBXFileReference; explicitFileType = wrapper.framework; includeInIndex = 0; path = Pods_Weathy.framework; sourceTree = BUILT_PRODUCTS_DIR; };
/* End PBXFileReference section */

/* Begin PBXFrameworksBuildPhase section */
		633984192599B1F400339615 /* Frameworks */ = {
			isa = PBXFrameworksBuildPhase;
			buildActionMask = 2147483647;
			files = (
				4C6D6B3632E6D1F7D4A96051 /* Pods_Weathy.framework in Frameworks */,
			);
			runOnlyForDeploymentPostprocessing = 0;
		};
/* End PBXFrameworksBuildPhase section */

/* Begin PBXGroup section */
		0E31344725A724AC0059028C /* OnBoarding */ = {
			isa = PBXGroup;
			children = (
				0E31344425A724A80059028C /* OnBoardingFirstVC.swift */,
				0E75F65A25AD984D00D98633 /* NickNameVC.swift */,
			);
			path = OnBoarding;
			sourceTree = "<group>";
		};
		0E6E9A6E25AF7E8200702706 /* AuthorizationAPI */ = {
			isa = PBXGroup;
			children = (
				0E6E9A7025AF7EE300702706 /* autoLoginService.swift */,
			);
			path = AuthorizationAPI;
			sourceTree = "<group>";
		};
		0E6E9A7A25AFA1A600702706 /* SearchInformation */ = {
			isa = PBXGroup;
			children = (
				0E75F64B25AC1C9D00D98633 /* SearchRecentInfo.swift */,
				0E6E9A7F25AFA1FC00702706 /* SearchWeatherInformation.swift */,
			);
			path = SearchInformation;
			sourceTree = "<group>";
		};
		0E6E9AB825B244CC00702706 /* OnBoarding */ = {
			isa = PBXGroup;
			children = (
				0E6E9ABA25B2450000702706 /* 온보딩_1.json */,
				0E6E9ABD25B2450900702706 /* 온보딩_2.json */,
				0E6E9AC025B2450E00702706 /* 온보딩_3.json */,
			);
			path = OnBoarding;
			sourceTree = "<group>";
		};
		0E75F66825AF171A00D98633 /* Setting */ = {
			isa = PBXGroup;
			children = (
				AB3D206D25AFD5030030514B /* Setting.storyboard */,
			);
			path = Setting;
			sourceTree = "<group>";
		};
		0E75F66925AF172C00D98633 /* MainSearch */ = {
			isa = PBXGroup;
			children = (
				AB3D206925AFD4F90030514B /* MainSearch.storyboard */,
			);
			path = MainSearch;
			sourceTree = "<group>";
		};
		0E75F66A25AF174200D98633 /* OnBoarding */ = {
			isa = PBXGroup;
			children = (
				AB3D206525AFD4DE0030514B /* OnBoarding.storyboard */,
			);
			path = OnBoarding;
			sourceTree = "<group>";
		};
		0E75F66E25AF3C4700D98633 /* UserAPI */ = {
			isa = PBXGroup;
			children = (
				0E75F67825AF3E5600D98633 /* createUserService.swift */,
				0E6E9A6825AF5CFF00702706 /* modifyUserService.swift */,
			);
			path = UserAPI;
			sourceTree = "<group>";
		};
		0E75F67325AF3D4E00D98633 /* UserInformation */ = {
			isa = PBXGroup;
			children = (
				0E75F67425AF3DA100D98633 /* UserInformation.swift */,
			);
			path = UserInformation;
			sourceTree = "<group>";
		};
		0E8C002F25A1B79500A31295 /* Tabbar */ = {
			isa = PBXGroup;
			children = (
				0E8C003025A1B7A200A31295 /* Tabbar.storyboard */,
			);
			path = Tabbar;
			sourceTree = "<group>";
		};
		0E8C003325A1B7B900A31295 /* Tabbar */ = {
			isa = PBXGroup;
			children = (
				0E8C003425A1B7CE00A31295 /* TabbarVC.swift */,
			);
			path = Tabbar;
			sourceTree = "<group>";
		};
		0E8C004525A249A900A31295 /* Setting */ = {
			isa = PBXGroup;
			children = (
				0E8C005125A2585C00A31295 /* SettingNVC.swift */,
				0E8C004625A249B900A31295 /* SettingVC.swift */,
				0E8C004A25A2514B00A31295 /* ChangeNickNameVC.swift */,
				0E8C005525A2598800A31295 /* DevelopersInfoVC.swift */,
				0E8C005825A2F64900A31295 /* AskForVC.swift */,
			);
			path = Setting;
			sourceTree = "<group>";
		};
		0E9152DE25A399FE0048E226 /* MainSearch */ = {
			isa = PBXGroup;
			children = (
				0E9152DF25A39A1F0048E226 /* MainSearchVC.swift */,
			);
			path = MainSearch;
			sourceTree = "<group>";
		};
		0E9152E325A4A0490048E226 /* MainSearchTVCells */ = {
			isa = PBXGroup;
			children = (
				0E3133F725A4EB5C0059028C /* RecentTVC.swift */,
				0E75F65725AD800A00D98633 /* SearchTVC.swift */,
			);
			path = MainSearchTVCells;
			sourceTree = "<group>";
		};
		37222E6225AE649700577FEE /* Record */ = {
			isa = PBXGroup;
			children = (
				37222E6325AE64DA00577FEE /* ClothesTagData.swift */,
				37222E7525AFAA4700577FEE /* RecordWeathyData.swift */,
			);
			path = Record;
			sourceTree = "<group>";
		};
		37222E8425B0D60E00577FEE /* ModifyWeathy */ = {
			isa = PBXGroup;
			children = (
				37222E8925B0D6EA00577FEE /* ModifyWeathyStart.storyboard */,
				37222E9C25B0EB2200577FEE /* ModifyWeathyTag.storyboard */,
				37222EAB25B1060300577FEE /* ModifyWeathyRate.storyboard */,
				37222EB425B10A6D00577FEE /* ModifyWeathyText.storyboard */,
			);
			path = ModifyWeathy;
			sourceTree = "<group>";
		};
		37222E8525B0D65900577FEE /* ModifyWeathy */ = {
			isa = PBXGroup;
			children = (
				37222E8D25B0DE4200577FEE /* ModifyWeathyNVC.swift */,
				37222E8625B0D6BA00577FEE /* ModifyWeathyStartVC.swift */,
				37222E9F25B0EBE100577FEE /* ModifyWeathyTagVC.swift */,
				37222EAE25B1061600577FEE /* ModifyWeathyRateVC.swift */,
				37222EB125B10A5C00577FEE /* ModifyWeathyTextVC.swift */,
			);
			path = ModifyWeathy;
			sourceTree = "<group>";
		};
		374D48CE259CEBD300152B9A /* Record */ = {
			isa = PBXGroup;
			children = (
				374D48D0259CEBF000152B9A /* RecordStart.storyboard */,
				374D48E9259D49CA00152B9A /* RecordTag.storyboard */,
				3735AE1A25A87F6700E71DC3 /* RecordTagDelete.storyboard */,
				374D48D7259D1CA600152B9A /* RecordRate.storyboard */,
				374D48E2259D366500152B9A /* RecordText.storyboard */,
			);
			path = Record;
			sourceTree = "<group>";
		};
		374D48CF259CEBE100152B9A /* Record */ = {
			isa = PBXGroup;
			children = (
				0E75F66525AF149500D98633 /* RecordNVC.swift */,
				374D48D3259CEC0500152B9A /* RecordStartVC.swift */,
				374D48EC259D49DB00152B9A /* RecordTagVC.swift */,
				3735AE3325A8F24C00E71DC3 /* RecordTagAddPopupVC.swift */,
				3735AE1D25A87F8B00E71DC3 /* RecordTagDeleteVC.swift */,
				3735AE3625A9F86B00E71DC3 /* RecordTagDeletePopupVC.swift */,
				374D48DA259D1CB600152B9A /* RecordRateVC.swift */,
				374D48E5259D368600152B9A /* RecordTextVC.swift */,
			);
			path = Record;
			sourceTree = "<group>";
		};
		374D48DD259D234A00152B9A /* Record */ = {
			isa = PBXGroup;
			children = (
				374D48DE259D236800152B9A /* RecordRateCVC.swift */,
				374D48FD259F678200152B9A /* RecordTagCVC.swift */,
				374D490A259F6CAD00152B9A /* RecordTagTitleCVC.swift */,
				374D4903259F68EE00152B9A /* TagFlowLayout.swift */,
			);
			path = Record;
			sourceTree = "<group>";
		};
		37FB8AA525AE4F85001A6287 /* Splash */ = {
			isa = PBXGroup;
			children = (
				37FB8AA725AE4FA5001A6287 /* Splash.storyboard */,
			);
			path = Splash;
			sourceTree = "<group>";
		};
		37FB8AA625AE4F99001A6287 /* Splash */ = {
			isa = PBXGroup;
			children = (
				37FB8AAA25AE4FB7001A6287 /* SplashVC.swift */,
			);
			path = Splash;
			sourceTree = "<group>";
		};
		37FB8AAD25AE52BD001A6287 /* Splash */ = {
			isa = PBXGroup;
			children = (
				37FB8AAE25AE52E1001A6287 /* 스플래시.json */,
			);
			path = Splash;
			sourceTree = "<group>";
		};
		632FF84225B21150000C1A95 /* Calendar */ = {
			isa = PBXGroup;
			children = (
				6354ED8125AE0A2D00C5CAC5 /* Calendar.storyboard */,
			);
			path = Calendar;
			sourceTree = "<group>";
		};
		633984132599B1F400339615 = {
			isa = PBXGroup;
			children = (
				6339841E2599B1F400339615 /* Weathy */,
				6339841D2599B1F400339615 /* Products */,
				D59EADF23CE8B3CB8DDCFFA2 /* Pods */,
				812ECE36550959E2EC31B12D /* Frameworks */,
			);
			sourceTree = "<group>";
		};
		6339841D2599B1F400339615 /* Products */ = {
			isa = PBXGroup;
			children = (
				6339841C2599B1F400339615 /* Weathy.app */,
			);
			name = Products;
			sourceTree = "<group>";
		};
		6339841E2599B1F400339615 /* Weathy */ = {
			isa = PBXGroup;
			children = (
				63398439259A2B2A00339615 /* Resources */,
				63398438259A2B2100339615 /* Sources */,
				633984302599B1F600339615 /* Info.plist */,
				633984282599B1F400339615 /* Weathy.xcdatamodeld */,
			);
			path = Weathy;
			sourceTree = "<group>";
		};
		63398438259A2B2100339615 /* Sources */ = {
			isa = PBXGroup;
			children = (
				63398440259A2BCB00339615 /* Cells */,
				63398441259A2BD100339615 /* Classes */,
				63398442259A2BDA00339615 /* Extensions */,
				63398443259A2BE700339615 /* Models */,
				6339843F259A2BB600339615 /* VCs */,
			);
			path = Sources;
			sourceTree = "<group>";
		};
		63398439259A2B2A00339615 /* Resources */ = {
			isa = PBXGroup;
			children = (
				63DEB288259CF64700A94488 /* Fonts */,
				6339841F2599B1F400339615 /* AppDelegate.swift */,
				633984212599B1F400339615 /* SceneDelegate.swift */,
				6339842B2599B1F600339615 /* Assets.xcassets */,
				63DEB251259CD3EF00A94488 /* APIServices */,
				6339843D259A2B6C00339615 /* Storyboards */,
				63398444259A2BF400339615 /* Xibs */,
			);
			path = Resources;
			sourceTree = "<group>";
		};
		6339843D259A2B6C00339615 /* Storyboards */ = {
			isa = PBXGroup;
			children = (
				632FF84225B21150000C1A95 /* Calendar */,
				37FB8AA525AE4F85001A6287 /* Splash */,
				0E75F66A25AF174200D98633 /* OnBoarding */,
				ABBA9CAC25A22B31008785BD /* Main */,
				0E75F66925AF172C00D98633 /* MainSearch */,
				0E75F66825AF171A00D98633 /* Setting */,
				374D48CE259CEBD300152B9A /* Record */,
				37222E8425B0D60E00577FEE /* ModifyWeathy */,
				0E8C002F25A1B79500A31295 /* Tabbar */,
				6339842D2599B1F600339615 /* LaunchScreen.storyboard */,
			);
			path = Storyboards;
			sourceTree = "<group>";
		};
		6339843F259A2BB600339615 /* VCs */ = {
			isa = PBXGroup;
			children = (
				37FB8AA625AE4F99001A6287 /* Splash */,
				ABBA9CAB25A22B25008785BD /* Main */,
				6354ED9025AE0AED00C5CAC5 /* Calendar */,
				374D48CF259CEBE100152B9A /* Record */,
				37222E8525B0D65900577FEE /* ModifyWeathy */,
				0E31344725A724AC0059028C /* OnBoarding */,
				0E8C003325A1B7B900A31295 /* Tabbar */,
				0E8C004525A249A900A31295 /* Setting */,
				0E9152DE25A399FE0048E226 /* MainSearch */,
			);
			path = VCs;
			sourceTree = "<group>";
		};
		63398440259A2BCB00339615 /* Cells */ = {
			isa = PBXGroup;
			children = (
				ABBA9CAD25A22C5B008785BD /* Main */,
				6354ED9625AE0B1600C5CAC5 /* Calendar */,
				374D48DD259D234A00152B9A /* Record */,
				0E9152E325A4A0490048E226 /* MainSearchTVCells */,
				63DEB260259CD49700A94488 /* DummyCell.swift */,
			);
			path = Cells;
			sourceTree = "<group>";
		};
		63398441259A2BD100339615 /* Classes */ = {
			isa = PBXGroup;
			children = (
				63DEB263259CD4AD00A94488 /* DummyClass.swift */,
				63D3C53825A4A57500E5FDFE /* SpacedLabel.swift */,
				634DBF5225C3E8F2002A72DA /* WeathyPopupView.swift */,
			);
			path = Classes;
			sourceTree = "<group>";
		};
		63398442259A2BDA00339615 /* Extensions */ = {
			isa = PBXGroup;
			children = (
				6354EDA025AE0B6700C5CAC5 /* Date+Extensions.swift */,
				6339846B259A431100339615 /* UIView+Extensions.swift */,
				6339846E259A433400339615 /* UIColor+Extensions.swift */,
				63398471259A435400339615 /* UIImageView+Extensions.swift */,
				374D48F1259F2A9300152B9A /* UIFont+Extension.swift */,
				AB4E1C8625A6FE48002F3B79 /* UIViewController+Extensions.swift */,
				3735AE2E25A8EA4300E71DC3 /* UILabel+Extension.swift */,
				37D3476E25ADB7BD0069247F /* UITextField+Extension.swift */,
				37222E6F25AFA09000577FEE /* UIViewController+Extension.swift */,
			);
			path = Extensions;
			sourceTree = "<group>";
		};
		63398443259A2BE700339615 /* Models */ = {
			isa = PBXGroup;
			children = (
				0E6E9AB825B244CC00702706 /* OnBoarding */,
				37222E6225AE649700577FEE /* Record */,
				63C756D225B03902003DC9FA /* Calendar */,
				AB09372125AFC58000F69220 /* Common */,
				AB09370D25AE43DB00F69220 /* Main */,
				37FB8AAD25AE52BD001A6287 /* Splash */,
				0E75F67325AF3D4E00D98633 /* UserInformation */,
				0E6E9A7A25AFA1A600702706 /* SearchInformation */,
				0E6463D725DD6ADD00A9E591 /* User.swift */,
			);
			path = Models;
			sourceTree = "<group>";
		};
		63398444259A2BF400339615 /* Xibs */ = {
			isa = PBXGroup;
			children = (
				63DEB269259CD4EF00A94488 /* DummyXib.swift */,
			);
			path = Xibs;
			sourceTree = "<group>";
		};
		6354ED9025AE0AED00C5CAC5 /* Calendar */ = {
			isa = PBXGroup;
			children = (
				6354ED9225AE0B0300C5CAC5 /* CalendarDetailVC.swift */,
				6354ED9125AE0B0200C5CAC5 /* CalendarVC.swift */,
			);
			name = Calendar;
			sourceTree = "<group>";
		};
		6354ED9625AE0B1600C5CAC5 /* Calendar */ = {
			isa = PBXGroup;
			children = (
				6354ED9925AE0B3700C5CAC5 /* InfiniteMonthlyCVC.swift */,
				6354ED9A25AE0B3700C5CAC5 /* InfiniteWeeklyCVC.swift */,
				6354ED9825AE0B3700C5CAC5 /* MonthlyCalendarCVC.swift */,
				6354ED9725AE0B3600C5CAC5 /* WeeklyCalendarCVC.swift */,
			);
			name = Calendar;
			sourceTree = "<group>";
		};
		63C756D225B03902003DC9FA /* Calendar */ = {
			isa = PBXGroup;
			children = (
				6354EDAB25AE244600C5CAC5 /* MonthlyWeathyData.swift */,
				63C756D325B03F2A003DC9FA /* DailyWeathyData.swift */,
				63C756E225B105F4003DC9FA /* DeleteWeathyData.swift */,
			);
			path = Calendar;
			sourceTree = "<group>";
		};
		63C756D625B0445E003DC9FA /* Calendar */ = {
			isa = PBXGroup;
			children = (
				6354EDB025AEEC0500C5CAC5 /* MonthlyWeathyService.swift */,
				63C756D725B0452E003DC9FA /* DailyWeathyService.swift */,
				63C756E525B10716003DC9FA /* DeleteWeathyService.swift */,
			);
			path = Calendar;
			sourceTree = "<group>";
		};
		63DEB251259CD3EF00A94488 /* APIServices */ = {
			isa = PBXGroup;
			children = (
				63DEB26D259CD54100A94488 /* APIConstants.swift */,
				63DEB271259CD55A00A94488 /* NetworkResult.swift */,
				37222E6625AE657C00577FEE /* RecordTagService.swift */,
				37222E7225AFA83B00577FEE /* RecordWeathyService.swift */,
				63C756D625B0445E003DC9FA /* Calendar */,
				AB09371925AE47A300F69220 /* Main */,
				0E6E9A6E25AF7E8200702706 /* AuthorizationAPI */,
				0E75F66E25AF3C4700D98633 /* UserAPI */,
				0E6E9A7525AF9E7700702706 /* searchService.swift */,
				37222EBC25B10E1600577FEE /* ModifyWeathyService.swift */,
			);
			path = APIServices;
			sourceTree = "<group>";
		};
		63DEB288259CF64700A94488 /* Fonts */ = {
			isa = PBXGroup;
			children = (
				63DEB28C259CF67200A94488 /* AppleSDGothicNeoB.ttf */,
				63DEB28B259CF67200A94488 /* AppleSDGothicNeoM.ttf */,
				63DEB28D259CF67200A94488 /* AppleSDGothicNeoR.ttf */,
				63DEB28E259CF67200A94488 /* AppleSDGothicNeoSB.ttf */,
				63DEB28A259CF67200A94488 /* Roboto-Light.ttf */,
				63DEB289259CF67200A94488 /* Roboto-Medium.ttf */,
				63DEB28F259CF67200A94488 /* Roboto-Regular.ttf */,
			);
			path = Fonts;
			sourceTree = "<group>";
		};
		812ECE36550959E2EC31B12D /* Frameworks */ = {
			isa = PBXGroup;
			children = (
				EEAEEC40355B6A916F599609 /* Pods_Weathy.framework */,
			);
			name = Frameworks;
			sourceTree = "<group>";
		};
		AB09370D25AE43DB00F69220 /* Main */ = {
			isa = PBXGroup;
			children = (
				AB09370F25AE446B00F69220 /* LocationWeatherData.swift */,
				AB09371E25AF526700F69220 /* RecommededWeathyData.swift */,
				AB3D207125B047DD0030514B /* HourlyWeatherData.swift */,
				AB9183C625B0B7BE00C3B022 /* DailyWeatherData.swift */,
				ABE2B92F25B0D98D007F878C /* ExtraWeatherData.swift */,
			);
			path = Main;
			sourceTree = "<group>";
		};
		AB09371925AE47A300F69220 /* Main */ = {
			isa = PBXGroup;
			children = (
				AB09371A25AE48F800F69220 /* MainService.swift */,
			);
			path = Main;
			sourceTree = "<group>";
		};
		AB09372125AFC58000F69220 /* Common */ = {
			isa = PBXGroup;
			children = (
				ABE2B93425B10B4B007F878C /* ClimateImage.swift */,
				63C756CF25B023DB003DC9FA /* Emoji.swift */,
			);
			path = Common;
			sourceTree = "<group>";
		};
		ABBA9CAB25A22B25008785BD /* Main */ = {
			isa = PBXGroup;
			children = (
				ABBA9CA125A2217F008785BD /* MainVC.swift */,
			);
			path = Main;
			sourceTree = "<group>";
		};
		ABBA9CAC25A22B31008785BD /* Main */ = {
			isa = PBXGroup;
			children = (
				ABBA9CA825A22254008785BD /* Main.storyboard */,
			);
			path = Main;
			sourceTree = "<group>";
		};
		ABBA9CAD25A22C5B008785BD /* Main */ = {
			isa = PBXGroup;
			children = (
				ABBA9CAE25A22C93008785BD /* MainTopCVC.swift */,
				ABBA9CB125A22CBC008785BD /* MainBottomCVC.swift */,
				AB4E1C9125A9D440002F3B79 /* TimezoneWeatherCVC.swift */,
				AB4E1C9425A9ED4C002F3B79 /* WeeklyWeatherCVC.swift */,
				AB4E1C9E25AA0BB5002F3B79 /* ExtraWeatherCVC.swift */,
			);
			path = Main;
			sourceTree = "<group>";
		};
		D59EADF23CE8B3CB8DDCFFA2 /* Pods */ = {
			isa = PBXGroup;
			children = (
				B97C9AB444242244F6D69B1C /* Pods-Weathy.debug.xcconfig */,
				79A77C707317896743084ED5 /* Pods-Weathy.release.xcconfig */,
			);
			path = Pods;
			sourceTree = "<group>";
		};
/* End PBXGroup section */

/* Begin PBXNativeTarget section */
		6339841B2599B1F400339615 /* Weathy */ = {
			isa = PBXNativeTarget;
			buildConfigurationList = 633984332599B1F600339615 /* Build configuration list for PBXNativeTarget "Weathy" */;
			buildPhases = (
				5039B58CE70327E219DE4037 /* [CP] Check Pods Manifest.lock */,
				633984182599B1F400339615 /* Sources */,
				633984192599B1F400339615 /* Frameworks */,
				6339841A2599B1F400339615 /* Resources */,
				8D73304CCCFAA6C007A470E7 /* [CP] Embed Pods Frameworks */,
			);
			buildRules = (
			);
			dependencies = (
			);
			name = Weathy;
			productName = Weathy;
			productReference = 6339841C2599B1F400339615 /* Weathy.app */;
			productType = "com.apple.product-type.application";
		};
/* End PBXNativeTarget section */

/* Begin PBXProject section */
		633984142599B1F400339615 /* Project object */ = {
			isa = PBXProject;
			attributes = {
				LastSwiftUpdateCheck = 1230;
				LastUpgradeCheck = 1230;
				TargetAttributes = {
					6339841B2599B1F400339615 = {
						CreatedOnToolsVersion = 12.3;
					};
				};
			};
			buildConfigurationList = 633984172599B1F400339615 /* Build configuration list for PBXProject "Weathy" */;
			compatibilityVersion = "Xcode 9.3";
			developmentRegion = en;
			hasScannedForEncodings = 0;
			knownRegions = (
				en,
				Base,
			);
			mainGroup = 633984132599B1F400339615;
			productRefGroup = 6339841D2599B1F400339615 /* Products */;
			projectDirPath = "";
			projectRoot = "";
			targets = (
				6339841B2599B1F400339615 /* Weathy */,
			);
		};
/* End PBXProject section */

/* Begin PBXResourcesBuildPhase section */
		6339841A2599B1F400339615 /* Resources */ = {
			isa = PBXResourcesBuildPhase;
			buildActionMask = 2147483647;
			files = (
				374D48E3259D366500152B9A /* RecordText.storyboard in Resources */,
				37222EB525B10A6D00577FEE /* ModifyWeathyText.storyboard in Resources */,
				AB3D206625AFD4DE0030514B /* OnBoarding.storyboard in Resources */,
				0E8C003125A1B7A200A31295 /* Tabbar.storyboard in Resources */,
				63DEB295259CF67200A94488 /* AppleSDGothicNeoSB.ttf in Resources */,
				ABBA9CA925A22254008785BD /* Main.storyboard in Resources */,
				37222E8A25B0D6EA00577FEE /* ModifyWeathyStart.storyboard in Resources */,
				0E6E9AC125B2450E00702706 /* 온보딩_3.json in Resources */,
				0E6E9ABE25B2450900702706 /* 온보딩_2.json in Resources */,
				374D48D8259D1CA600152B9A /* RecordRate.storyboard in Resources */,
				37222EAC25B1060300577FEE /* ModifyWeathyRate.storyboard in Resources */,
				37222E9D25B0EB2200577FEE /* ModifyWeathyTag.storyboard in Resources */,
				63DEB294259CF67200A94488 /* AppleSDGothicNeoR.ttf in Resources */,
				6339842F2599B1F600339615 /* LaunchScreen.storyboard in Resources */,
				374D48D1259CEBF000152B9A /* RecordStart.storyboard in Resources */,
				6339842C2599B1F600339615 /* Assets.xcassets in Resources */,
				0E6E9ABB25B2450000702706 /* 온보딩_1.json in Resources */,
				AB3D206E25AFD5040030514B /* Setting.storyboard in Resources */,
				63DEB293259CF67200A94488 /* AppleSDGothicNeoB.ttf in Resources */,
				AB3D206A25AFD4F90030514B /* MainSearch.storyboard in Resources */,
				63DEB291259CF67200A94488 /* Roboto-Light.ttf in Resources */,
				3735AE1B25A87F6700E71DC3 /* RecordTagDelete.storyboard in Resources */,
				374D48EA259D49CA00152B9A /* RecordTag.storyboard in Resources */,
				63DEB296259CF67200A94488 /* Roboto-Regular.ttf in Resources */,
				37FB8AAF25AE52E1001A6287 /* 스플래시.json in Resources */,
				63DEB290259CF67200A94488 /* Roboto-Medium.ttf in Resources */,
				6354ED8225AE0A2E00C5CAC5 /* Calendar.storyboard in Resources */,
				63DEB292259CF67200A94488 /* AppleSDGothicNeoM.ttf in Resources */,
				37FB8AA825AE4FA5001A6287 /* Splash.storyboard in Resources */,
			);
			runOnlyForDeploymentPostprocessing = 0;
		};
/* End PBXResourcesBuildPhase section */

/* Begin PBXShellScriptBuildPhase section */
		5039B58CE70327E219DE4037 /* [CP] Check Pods Manifest.lock */ = {
			isa = PBXShellScriptBuildPhase;
			buildActionMask = 2147483647;
			files = (
			);
			inputFileListPaths = (
			);
			inputPaths = (
				"${PODS_PODFILE_DIR_PATH}/Podfile.lock",
				"${PODS_ROOT}/Manifest.lock",
			);
			name = "[CP] Check Pods Manifest.lock";
			outputFileListPaths = (
			);
			outputPaths = (
				"$(DERIVED_FILE_DIR)/Pods-Weathy-checkManifestLockResult.txt",
			);
			runOnlyForDeploymentPostprocessing = 0;
			shellPath = /bin/sh;
			shellScript = "diff \"${PODS_PODFILE_DIR_PATH}/Podfile.lock\" \"${PODS_ROOT}/Manifest.lock\" > /dev/null\nif [ $? != 0 ] ; then\n    # print error to STDERR\n    echo \"error: The sandbox is not in sync with the Podfile.lock. Run 'pod install' or update your CocoaPods installation.\" >&2\n    exit 1\nfi\n# This output is used by Xcode 'outputs' to avoid re-running this script phase.\necho \"SUCCESS\" > \"${SCRIPT_OUTPUT_FILE_0}\"\n";
			showEnvVarsInLog = 0;
		};
		8D73304CCCFAA6C007A470E7 /* [CP] Embed Pods Frameworks */ = {
			isa = PBXShellScriptBuildPhase;
			buildActionMask = 2147483647;
			files = (
			);
			inputFileListPaths = (
				"${PODS_ROOT}/Target Support Files/Pods-Weathy/Pods-Weathy-frameworks-${CONFIGURATION}-input-files.xcfilelist",
			);
			name = "[CP] Embed Pods Frameworks";
			outputFileListPaths = (
				"${PODS_ROOT}/Target Support Files/Pods-Weathy/Pods-Weathy-frameworks-${CONFIGURATION}-output-files.xcfilelist",
			);
			runOnlyForDeploymentPostprocessing = 0;
			shellPath = /bin/sh;
			shellScript = "\"${PODS_ROOT}/Target Support Files/Pods-Weathy/Pods-Weathy-frameworks.sh\"\n";
			showEnvVarsInLog = 0;
		};
/* End PBXShellScriptBuildPhase section */

/* Begin PBXSourcesBuildPhase section */
		633984182599B1F400339615 /* Sources */ = {
			isa = PBXSourcesBuildPhase;
			buildActionMask = 2147483647;
			files = (
				0E6E9A6925AF5CFF00702706 /* modifyUserService.swift in Sources */,
				6354ED9D25AE0B3700C5CAC5 /* InfiniteMonthlyCVC.swift in Sources */,
				374D48FE259F678200152B9A /* RecordTagCVC.swift in Sources */,
				6354EDA125AE0B6700C5CAC5 /* Date+Extensions.swift in Sources */,
				37222E8725B0D6BA00577FEE /* ModifyWeathyStartVC.swift in Sources */,
				374D48F2259F2A9300152B9A /* UIFont+Extension.swift in Sources */,
				ABBA9CA225A2217F008785BD /* MainVC.swift in Sources */,
				6339846C259A431100339615 /* UIView+Extensions.swift in Sources */,
				6354EDB125AEEC0500C5CAC5 /* MonthlyWeathyService.swift in Sources */,
				6354ED9425AE0B0300C5CAC5 /* CalendarDetailVC.swift in Sources */,
				63DEB26A259CD4EF00A94488 /* DummyXib.swift in Sources */,
				0E3133F825A4EB5C0059028C /* RecentTVC.swift in Sources */,
				ABE2B93525B10B4B007F878C /* ClimateImage.swift in Sources */,
				0E75F67525AF3DA100D98633 /* UserInformation.swift in Sources */,
				63C756D825B0452E003DC9FA /* DailyWeathyService.swift in Sources */,
				0E6E9A7625AF9E7700702706 /* searchService.swift in Sources */,
				6339846C259A431100339615 /* UIView+Extensions.swift in Sources */,
				63DEB26A259CD4EF00A94488 /* DummyXib.swift in Sources */,
				63C756D025B023DB003DC9FA /* Emoji.swift in Sources */,
				ABBA9CAF25A22C93008785BD /* MainTopCVC.swift in Sources */,
				0E6E9A8025AFA1FC00702706 /* SearchWeatherInformation.swift in Sources */,
				37222EBD25B10E1600577FEE /* ModifyWeathyService.swift in Sources */,
				6354ED9C25AE0B3700C5CAC5 /* MonthlyCalendarCVC.swift in Sources */,
				374D48D4259CEC0500152B9A /* RecordStartVC.swift in Sources */,
				6354ED9B25AE0B3700C5CAC5 /* WeeklyCalendarCVC.swift in Sources */,
				0E8C005625A2598800A31295 /* DevelopersInfoVC.swift in Sources */,
				63DEB26E259CD54100A94488 /* APIConstants.swift in Sources */,
				0E75F65B25AD984D00D98633 /* NickNameVC.swift in Sources */,
				3735AE1E25A87F8B00E71DC3 /* RecordTagDeleteVC.swift in Sources */,
				AB09371025AE446B00F69220 /* LocationWeatherData.swift in Sources */,
				374D48E6259D368600152B9A /* RecordTextVC.swift in Sources */,
				0E8C005225A2585C00A31295 /* SettingNVC.swift in Sources */,
				374D48ED259D49DB00152B9A /* RecordTagVC.swift in Sources */,
				634DBF5325C3E8F2002A72DA /* WeathyPopupView.swift in Sources */,
				37222E6425AE64DA00577FEE /* ClothesTagData.swift in Sources */,
				374D48DF259D236800152B9A /* RecordRateCVC.swift in Sources */,
				37222E6725AE657C00577FEE /* RecordTagService.swift in Sources */,
				0E8C004725A249B900A31295 /* SettingVC.swift in Sources */,
				0E9152E025A39A1F0048E226 /* MainSearchVC.swift in Sources */,
				ABE2B93025B0D98D007F878C /* ExtraWeatherData.swift in Sources */,
				37FB8AAB25AE4FB7001A6287 /* SplashVC.swift in Sources */,
				AB4E1C9525A9ED4C002F3B79 /* WeeklyWeatherCVC.swift in Sources */,
				63398472259A435400339615 /* UIImageView+Extensions.swift in Sources */,
				63DEB272259CD55A00A94488 /* NetworkResult.swift in Sources */,
				63C756E625B10716003DC9FA /* DeleteWeathyService.swift in Sources */,
				6354EDAC25AE244600C5CAC5 /* MonthlyWeathyData.swift in Sources */,
				ABBA9CB225A22CBC008785BD /* MainBottomCVC.swift in Sources */,
				AB4E1C9F25AA0BB5002F3B79 /* ExtraWeatherCVC.swift in Sources */,
				37222EB225B10A5C00577FEE /* ModifyWeathyTextVC.swift in Sources */,
				3735AE3725A9F86B00E71DC3 /* RecordTagDeletePopupVC.swift in Sources */,
				37222EA025B0EBE100577FEE /* ModifyWeathyTagVC.swift in Sources */,
				63C756D425B03F2A003DC9FA /* DailyWeathyData.swift in Sources */,
				6339846F259A433400339615 /* UIColor+Extensions.swift in Sources */,
				6339842A2599B1F400339615 /* Weathy.xcdatamodeld in Sources */,
				37222E7325AFA83B00577FEE /* RecordWeathyService.swift in Sources */,
				0E6E9A7125AF7EE300702706 /* autoLoginService.swift in Sources */,
				374D490B259F6CAD00152B9A /* RecordTagTitleCVC.swift in Sources */,
				AB09371F25AF526700F69220 /* RecommededWeathyData.swift in Sources */,
				63C756E325B105F4003DC9FA /* DeleteWeathyData.swift in Sources */,
				374D48DB259D1CB600152B9A /* RecordRateVC.swift in Sources */,
				633984202599B1F400339615 /* AppDelegate.swift in Sources */,
				374D4904259F68EE00152B9A /* TagFlowLayout.swift in Sources */,
				AB3D207225B047DD0030514B /* HourlyWeatherData.swift in Sources */,
				0E6463D825DD6ADD00A9E591 /* User.swift in Sources */,
				0E75F67925AF3E5600D98633 /* createUserService.swift in Sources */,
				63D3C53925A4A57500E5FDFE /* SpacedLabel.swift in Sources */,
				3735AE3425A8F24C00E71DC3 /* RecordTagAddPopupVC.swift in Sources */,
				63DEB261259CD49700A94488 /* DummyCell.swift in Sources */,
				37222E8E25B0DE4200577FEE /* ModifyWeathyNVC.swift in Sources */,
				3735AE2F25A8EA4300E71DC3 /* UILabel+Extension.swift in Sources */,
				37222E7625AFAA4700577FEE /* RecordWeathyData.swift in Sources */,
				37222E7025AFA09000577FEE /* UIViewController+Extension.swift in Sources */,
				0E8C005925A2F64900A31295 /* AskForVC.swift in Sources */,
				6354ED9325AE0B0300C5CAC5 /* CalendarVC.swift in Sources */,
				63DEB264259CD4AD00A94488 /* DummyClass.swift in Sources */,
				AB4E1C8725A6FE48002F3B79 /* UIViewController+Extensions.swift in Sources */,
				AB4E1C9225A9D440002F3B79 /* TimezoneWeatherCVC.swift in Sources */,
				6354ED9E25AE0B3700C5CAC5 /* InfiniteWeeklyCVC.swift in Sources */,
				633984222599B1F400339615 /* SceneDelegate.swift in Sources */,
				AB09371B25AE48F800F69220 /* MainService.swift in Sources */,
				0E75F65825AD800A00D98633 /* SearchTVC.swift in Sources */,
				0E75F64C25AC1C9D00D98633 /* SearchRecentInfo.swift in Sources */,
				0E31344525A724A80059028C /* OnBoardingFirstVC.swift in Sources */,
				0E8C004B25A2514B00A31295 /* ChangeNickNameVC.swift in Sources */,
				0E75F66625AF149500D98633 /* RecordNVC.swift in Sources */,
				AB9183C725B0B7BE00C3B022 /* DailyWeatherData.swift in Sources */,
				37D3476F25ADB7BD0069247F /* UITextField+Extension.swift in Sources */,
				37222EAF25B1061600577FEE /* ModifyWeathyRateVC.swift in Sources */,
				0E8C003525A1B7CE00A31295 /* TabbarVC.swift in Sources */,
			);
			runOnlyForDeploymentPostprocessing = 0;
		};
/* End PBXSourcesBuildPhase section */

/* Begin PBXVariantGroup section */
		6339842D2599B1F600339615 /* LaunchScreen.storyboard */ = {
			isa = PBXVariantGroup;
			children = (
				6339842E2599B1F600339615 /* Base */,
			);
			name = LaunchScreen.storyboard;
			sourceTree = "<group>";
		};
/* End PBXVariantGroup section */

/* Begin XCBuildConfiguration section */
		633984312599B1F600339615 /* Debug */ = {
			isa = XCBuildConfiguration;
			buildSettings = {
				ALWAYS_SEARCH_USER_PATHS = NO;
				CLANG_ANALYZER_NONNULL = YES;
				CLANG_ANALYZER_NUMBER_OBJECT_CONVERSION = YES_AGGRESSIVE;
				CLANG_CXX_LANGUAGE_STANDARD = "gnu++14";
				CLANG_CXX_LIBRARY = "libc++";
				CLANG_ENABLE_MODULES = YES;
				CLANG_ENABLE_OBJC_ARC = YES;
				CLANG_ENABLE_OBJC_WEAK = YES;
				CLANG_WARN_BLOCK_CAPTURE_AUTORELEASING = YES;
				CLANG_WARN_BOOL_CONVERSION = YES;
				CLANG_WARN_COMMA = YES;
				CLANG_WARN_CONSTANT_CONVERSION = YES;
				CLANG_WARN_DEPRECATED_OBJC_IMPLEMENTATIONS = YES;
				CLANG_WARN_DIRECT_OBJC_ISA_USAGE = YES_ERROR;
				CLANG_WARN_DOCUMENTATION_COMMENTS = YES;
				CLANG_WARN_EMPTY_BODY = YES;
				CLANG_WARN_ENUM_CONVERSION = YES;
				CLANG_WARN_INFINITE_RECURSION = YES;
				CLANG_WARN_INT_CONVERSION = YES;
				CLANG_WARN_NON_LITERAL_NULL_CONVERSION = YES;
				CLANG_WARN_OBJC_IMPLICIT_RETAIN_SELF = YES;
				CLANG_WARN_OBJC_LITERAL_CONVERSION = YES;
				CLANG_WARN_OBJC_ROOT_CLASS = YES_ERROR;
				CLANG_WARN_QUOTED_INCLUDE_IN_FRAMEWORK_HEADER = YES;
				CLANG_WARN_RANGE_LOOP_ANALYSIS = YES;
				CLANG_WARN_STRICT_PROTOTYPES = YES;
				CLANG_WARN_SUSPICIOUS_MOVE = YES;
				CLANG_WARN_UNGUARDED_AVAILABILITY = YES_AGGRESSIVE;
				CLANG_WARN_UNREACHABLE_CODE = YES;
				CLANG_WARN__DUPLICATE_METHOD_MATCH = YES;
				COPY_PHASE_STRIP = NO;
				DEBUG_INFORMATION_FORMAT = dwarf;
				ENABLE_STRICT_OBJC_MSGSEND = YES;
				ENABLE_TESTABILITY = YES;
				GCC_C_LANGUAGE_STANDARD = gnu11;
				GCC_DYNAMIC_NO_PIC = NO;
				GCC_NO_COMMON_BLOCKS = YES;
				GCC_OPTIMIZATION_LEVEL = 0;
				GCC_PREPROCESSOR_DEFINITIONS = (
					"DEBUG=1",
					"$(inherited)",
				);
				GCC_WARN_64_TO_32_BIT_CONVERSION = YES;
				GCC_WARN_ABOUT_RETURN_TYPE = YES_ERROR;
				GCC_WARN_UNDECLARED_SELECTOR = YES;
				GCC_WARN_UNINITIALIZED_AUTOS = YES_AGGRESSIVE;
				GCC_WARN_UNUSED_FUNCTION = YES;
				GCC_WARN_UNUSED_VARIABLE = YES;
				IPHONEOS_DEPLOYMENT_TARGET = 13.0;
				MTL_ENABLE_DEBUG_INFO = INCLUDE_SOURCE;
				MTL_FAST_MATH = YES;
				ONLY_ACTIVE_ARCH = YES;
				SDKROOT = iphoneos;
				SWIFT_ACTIVE_COMPILATION_CONDITIONS = DEBUG;
				SWIFT_OPTIMIZATION_LEVEL = "-Onone";
			};
			name = Debug;
		};
		633984322599B1F600339615 /* Release */ = {
			isa = XCBuildConfiguration;
			buildSettings = {
				ALWAYS_SEARCH_USER_PATHS = NO;
				CLANG_ANALYZER_NONNULL = YES;
				CLANG_ANALYZER_NUMBER_OBJECT_CONVERSION = YES_AGGRESSIVE;
				CLANG_CXX_LANGUAGE_STANDARD = "gnu++14";
				CLANG_CXX_LIBRARY = "libc++";
				CLANG_ENABLE_MODULES = YES;
				CLANG_ENABLE_OBJC_ARC = YES;
				CLANG_ENABLE_OBJC_WEAK = YES;
				CLANG_WARN_BLOCK_CAPTURE_AUTORELEASING = YES;
				CLANG_WARN_BOOL_CONVERSION = YES;
				CLANG_WARN_COMMA = YES;
				CLANG_WARN_CONSTANT_CONVERSION = YES;
				CLANG_WARN_DEPRECATED_OBJC_IMPLEMENTATIONS = YES;
				CLANG_WARN_DIRECT_OBJC_ISA_USAGE = YES_ERROR;
				CLANG_WARN_DOCUMENTATION_COMMENTS = YES;
				CLANG_WARN_EMPTY_BODY = YES;
				CLANG_WARN_ENUM_CONVERSION = YES;
				CLANG_WARN_INFINITE_RECURSION = YES;
				CLANG_WARN_INT_CONVERSION = YES;
				CLANG_WARN_NON_LITERAL_NULL_CONVERSION = YES;
				CLANG_WARN_OBJC_IMPLICIT_RETAIN_SELF = YES;
				CLANG_WARN_OBJC_LITERAL_CONVERSION = YES;
				CLANG_WARN_OBJC_ROOT_CLASS = YES_ERROR;
				CLANG_WARN_QUOTED_INCLUDE_IN_FRAMEWORK_HEADER = YES;
				CLANG_WARN_RANGE_LOOP_ANALYSIS = YES;
				CLANG_WARN_STRICT_PROTOTYPES = YES;
				CLANG_WARN_SUSPICIOUS_MOVE = YES;
				CLANG_WARN_UNGUARDED_AVAILABILITY = YES_AGGRESSIVE;
				CLANG_WARN_UNREACHABLE_CODE = YES;
				CLANG_WARN__DUPLICATE_METHOD_MATCH = YES;
				COPY_PHASE_STRIP = NO;
				DEBUG_INFORMATION_FORMAT = "dwarf-with-dsym";
				ENABLE_NS_ASSERTIONS = NO;
				ENABLE_STRICT_OBJC_MSGSEND = YES;
				GCC_C_LANGUAGE_STANDARD = gnu11;
				GCC_NO_COMMON_BLOCKS = YES;
				GCC_WARN_64_TO_32_BIT_CONVERSION = YES;
				GCC_WARN_ABOUT_RETURN_TYPE = YES_ERROR;
				GCC_WARN_UNDECLARED_SELECTOR = YES;
				GCC_WARN_UNINITIALIZED_AUTOS = YES_AGGRESSIVE;
				GCC_WARN_UNUSED_FUNCTION = YES;
				GCC_WARN_UNUSED_VARIABLE = YES;
				IPHONEOS_DEPLOYMENT_TARGET = 13.0;
				MTL_ENABLE_DEBUG_INFO = NO;
				MTL_FAST_MATH = YES;
				SDKROOT = iphoneos;
				SWIFT_COMPILATION_MODE = wholemodule;
				SWIFT_OPTIMIZATION_LEVEL = "-O";
				VALIDATE_PRODUCT = YES;
			};
			name = Release;
		};
		633984342599B1F600339615 /* Debug */ = {
			isa = XCBuildConfiguration;
			baseConfigurationReference = B97C9AB444242244F6D69B1C /* Pods-Weathy.debug.xcconfig */;
			buildSettings = {
				ASSETCATALOG_COMPILER_APPICON_NAME = AppIcon;
				ASSETCATALOG_COMPILER_GLOBAL_ACCENT_COLOR_NAME = AccentColor;
				CODE_SIGN_STYLE = Automatic;
				DEVELOPMENT_TEAM = 4YXV56BSN6;
				INFOPLIST_FILE = Weathy/Info.plist;
				IPHONEOS_DEPLOYMENT_TARGET = 13.0;
				LD_RUNPATH_SEARCH_PATHS = (
					"$(inherited)",
					"@executable_path/Frameworks",
				);
				MARKETING_VERSION = 1.0.1;
				PRODUCT_BUNDLE_IDENTIFIER = com.weathy.weathy;
				PRODUCT_NAME = "$(TARGET_NAME)";
				SWIFT_VERSION = 5.0;
				TARGETED_DEVICE_FAMILY = "1,2";
			};
			name = Debug;
		};
		633984352599B1F600339615 /* Release */ = {
			isa = XCBuildConfiguration;
			baseConfigurationReference = 79A77C707317896743084ED5 /* Pods-Weathy.release.xcconfig */;
			buildSettings = {
				ASSETCATALOG_COMPILER_APPICON_NAME = AppIcon;
				ASSETCATALOG_COMPILER_GLOBAL_ACCENT_COLOR_NAME = AccentColor;
				CODE_SIGN_STYLE = Automatic;
				DEVELOPMENT_TEAM = 4YXV56BSN6;
				INFOPLIST_FILE = Weathy/Info.plist;
				IPHONEOS_DEPLOYMENT_TARGET = 13.0;
				LD_RUNPATH_SEARCH_PATHS = (
					"$(inherited)",
					"@executable_path/Frameworks",
				);
				MARKETING_VERSION = 1.0.1;
				PRODUCT_BUNDLE_IDENTIFIER = com.weathy.weathy;
				PRODUCT_NAME = "$(TARGET_NAME)";
				SWIFT_VERSION = 5.0;
				TARGETED_DEVICE_FAMILY = "1,2";
			};
			name = Release;
		};
/* End XCBuildConfiguration section */

/* Begin XCConfigurationList section */
		633984172599B1F400339615 /* Build configuration list for PBXProject "Weathy" */ = {
			isa = XCConfigurationList;
			buildConfigurations = (
				633984312599B1F600339615 /* Debug */,
				633984322599B1F600339615 /* Release */,
			);
			defaultConfigurationIsVisible = 0;
			defaultConfigurationName = Release;
		};
		633984332599B1F600339615 /* Build configuration list for PBXNativeTarget "Weathy" */ = {
			isa = XCConfigurationList;
			buildConfigurations = (
				633984342599B1F600339615 /* Debug */,
				633984352599B1F600339615 /* Release */,
			);
			defaultConfigurationIsVisible = 0;
			defaultConfigurationName = Release;
		};
/* End XCConfigurationList section */

/* Begin XCVersionGroup section */
		633984282599B1F400339615 /* Weathy.xcdatamodeld */ = {
			isa = XCVersionGroup;
			children = (
				633984292599B1F400339615 /* Weathy.xcdatamodel */,
			);
			currentVersion = 633984292599B1F400339615 /* Weathy.xcdatamodel */;
			path = Weathy.xcdatamodeld;
			sourceTree = "<group>";
			versionGroupType = wrapper.xcdatamodel;
		};
/* End XCVersionGroup section */
	};
	rootObject = 633984142599B1F400339615 /* Project object */;
}
